
Microsoft Visual Studio Solution File, Format Version 12.00
# Visual Studio Version 17
VisualStudioVersion = 17.4.33213.308
MinimumVisualStudioVersion = 10.0.40219.1
Project("{FAE04EC0-301F-11D3-BF4B-00C04F79EFBC}") = "SP2023-Assignment1-bkimbrell", "SP2023-Assignment1-bkimbrell\SP2023-Assignment1-bkimbrell.csproj", "{0214F4D0-138F-4495-AB6C-9AE4221CEA21}"
EndProject
Global
	GlobalSection(SolutionConfigurationPlatforms) = preSolution
		Debug|Any CPU = Debug|Any CPU
		Release|Any CPU = Release|Any CPU
	EndGlobalSection
	GlobalSection(ProjectConfigurationPlatforms) = postSolution
		{0214F4D0-138F-4495-AB6C-9AE4221CEA21}.Debug|Any CPU.ActiveCfg = Debug|Any CPU
		{0214F4D0-138F-4495-AB6C-9AE4221CEA21}.Debug|Any CPU.Build.0 = Debug|Any CPU
		{0214F4D0-138F-4495-AB6C-9AE4221CEA21}.Release|Any CPU.ActiveCfg = Release|Any CPU
		{0214F4D0-138F-4495-AB6C-9AE4221CEA21}.Release|Any CPU.Build.0 = Release|Any CPU
	EndGlobalSection
	GlobalSection(SolutionProperties) = preSolution
		HideSolutionNode = FALSE
	EndGlobalSection
	GlobalSection(ExtensibilityGlobals) = postSolution
		SolutionGuid = {37B92638-6516-43C4-B2BF-DADB13445993}
	EndGlobalSection
EndGlobal
